
Microsoft Visual Studio Solution File, Format Version 12.00
# Visual Studio Version 17
VisualStudioVersion = 17.14.36414.22 d17.14
MinimumVisualStudioVersion = 10.0.40219.1
Project("{FAE04EC0-301F-11D3-BF4B-00C04F79EFBC}") = "Pelle2004", "Pelle2004.csproj", "{5F9CFACA-8F4E-4981-A8B0-C26FC1202329}"
EndProject
Project("{2150E333-8FDC-42A3-9474-1A3956D46DE8}") = ".github", ".github", "{02EA681E-C7D8-13C7-8484-4AC65E1B71E8}"
	ProjectSection(SolutionItems) = preProject
		pull_request_template.md = pull_request_template.md
	EndProjectSection
EndProject
Project("{2150E333-8FDC-42A3-9474-1A3956D46DE8}") = "workflows", "workflows", "{65A6F10D-041F-4906-BCEF-E5B7251C435C}"
	ProjectSection(SolutionItems) = preProject
		pull_request_check.yml = pull_request_check.yml
	EndProjectSection
EndProject
Global
	GlobalSection(SolutionConfigurationPlatforms) = preSolution
		Debug|Any CPU = Debug|Any CPU
		Release|Any CPU = Release|Any CPU
	EndGlobalSection
	GlobalSection(ProjectConfigurationPlatforms) = postSolution
		{5F9CFACA-8F4E-4981-A8B0-C26FC1202329}.Debug|Any CPU.ActiveCfg = Debug|Any CPU
		{5F9CFACA-8F4E-4981-A8B0-C26FC1202329}.Debug|Any CPU.Build.0 = Debug|Any CPU
		{5F9CFACA-8F4E-4981-A8B0-C26FC1202329}.Release|Any CPU.ActiveCfg = Release|Any CPU
		{5F9CFACA-8F4E-4981-A8B0-C26FC1202329}.Release|Any CPU.Build.0 = Release|Any CPU
	EndGlobalSection
	GlobalSection(SolutionProperties) = preSolution
		HideSolutionNode = FALSE
	EndGlobalSection
	GlobalSection(NestedProjects) = preSolution
		{65A6F10D-041F-4906-BCEF-E5B7251C435C} = {02EA681E-C7D8-13C7-8484-4AC65E1B71E8}
	EndGlobalSection
	GlobalSection(ExtensibilityGlobals) = postSolution
		SolutionGuid = {5947EC0C-1FAF-44B0-9304-ECABB40B498F}
	EndGlobalSection
EndGlobal
